{
  "nodes": {
    "cosmic-applets-src": {
      "flake": false,
      "locked": {
        "lastModified": 1757517815,
        "narHash": "sha256-W9vN2bNZn1OGIxuhhsOsDzKe44D/gpNXu3e8WxFPzk0=",
        "owner": "pop-os",
        "repo": "cosmic-applets",
        "rev": "c54bf8e189636cc550941294c4904cbf33342ecd",
        "type": "github"
      },
      "original": {
        "owner": "pop-os",
        "repo": "cosmic-applets",
        "type": "github"
      }
    },
    "cosmic-applibrary-src": {
      "flake": false,
      "locked": {
        "lastModified": 1757355962,
        "narHash": "sha256-FKUkpGr8mEFYpi+EOIltfPLM9QV6/AqxMT1Qtp6KAK0=",
        "owner": "pop-os",
        "repo": "cosmic-applibrary",
        "rev": "893fe70c5d575231c62c4bbccc4aed97bceba77e",
        "type": "github"
      },
      "original": {
        "owner": "pop-os",
        "repo": "cosmic-applibrary",
        "type": "github"
      }
    },
    "cosmic-bg-src": {
      "flake": false,
      "locked": {
        "lastModified": 1756826102,
        "narHash": "sha256-/DFUazerRx5np1ji20UZJAbcMq3DTFXw06aOkX0i1uc=",
        "owner": "pop-os",
        "repo": "cosmic-bg",
        "rev": "6841c5aeea24422b9ab2b1ea8925c8a9153de149",
        "type": "github"
      },
      "original": {
        "owner": "pop-os",
        "repo": "cosmic-bg",
        "type": "github"
      }
    },
    "cosmic-comp-src": {
      "flake": false,
      "locked": {
        "lastModified": 1757542814,
        "narHash": "sha256-H2eMYjJi9VXv6D5IREVjfqR46hC9dxT84lk9Ubpnhpk=",
        "owner": "pop-os",
        "repo": "cosmic-comp",
        "rev": "cd1117080c026da61f1c7e6be55f893b3a2f87ef",
        "type": "github"
      },
      "original": {
        "owner": "pop-os",
        "repo": "cosmic-comp",
        "type": "github"
      }
    },
    "cosmic-edit-src": {
      "flake": false,
      "locked": {
        "lastModified": 1757613920,
        "narHash": "sha256-I2UE7scYC5K2hJbt5LBkO6XcSwHmYjr16sXMb5N35DI=",
        "owner": "pop-os",
        "repo": "cosmic-edit",
        "rev": "7b1572e5863a66c878c6a29a19c77c738cffe875",
        "type": "github"
      },
      "original": {
        "owner": "pop-os",
        "repo": "cosmic-edit",
        "type": "github"
      }
    },
    "cosmic-files-src": {
      "flake": false,
      "locked": {
        "lastModified": 1757633469,
        "narHash": "sha256-+h3YbDqwprcftSdSBYnbNx6eusx5Im8W53/IOrBgEtk=",
        "owner": "pop-os",
        "repo": "cosmic-files",
        "rev": "6d9cd3e7e59102cd3f9d53f1326a23d1db5dbac7",
        "type": "github"
      },
      "original": {
        "owner": "pop-os",
        "repo": "cosmic-files",
        "type": "github"
      }
    },
    "cosmic-greeter-src": {
      "flake": false,
      "locked": {
        "lastModified": 1757250084,
        "narHash": "sha256-XIiYDQ+B6Qqs24EeHDCIY2gqiGOx4hTEPM+FwYSSK78=",
        "owner": "pop-os",
        "repo": "cosmic-greeter",
        "rev": "da11207f128d0fcaf135fcebf27f286882b8204b",
        "type": "github"
      },
      "original": {
        "owner": "pop-os",
        "repo": "cosmic-greeter",
        "type": "github"
      }
    },
    "cosmic-icons-src": {
      "flake": false,
      "locked": {
        "lastModified": 1742575985,
        "narHash": "sha256-KDmEYeuiDTYvqg2XJK8pMDfsmROKtN+if5Qxz57H5xs=",
        "owner": "pop-os",
        "repo": "cosmic-icons",
        "rev": "0b2aed444daa52c65effbb8e71a8a19b0f2e4cb9",
        "type": "github"
      },
      "original": {
        "owner": "pop-os",
        "repo": "cosmic-icons",
        "type": "github"
      }
    },
    "cosmic-idle-src": {
      "flake": false,
      "locked": {
        "lastModified": 1740507204,
        "narHash": "sha256-dRvcow+rZ4sJV6pBxRIw6SCmU3aXP9uVKtFEJ9vozzI=",
        "owner": "pop-os",
        "repo": "cosmic-idle",
        "rev": "267bb837f127eb805a17250ebcad02db57eb72cb",
        "type": "github"
      },
      "original": {
        "owner": "pop-os",
        "repo": "cosmic-idle",
        "type": "github"
      }
    },
    "cosmic-launcher-src": {
      "flake": false,
      "locked": {
        "lastModified": 1757600046,
        "narHash": "sha256-/OXX+jcuXbAIH4+5RK5dNVdugxbH/qUPOYUKeeNS6vw=",
        "owner": "pop-os",
        "repo": "cosmic-launcher",
        "rev": "ee52edd2d1bb38ed265bc2bb2675aa1a982f3811",
        "type": "github"
      },
      "original": {
        "owner": "pop-os",
        "repo": "cosmic-launcher",
        "type": "github"
      }
    },
    "cosmic-notifications-src": {
      "flake": false,
      "locked": {
        "lastModified": 1757447875,
        "narHash": "sha256-FQLaDgOzaeXVNc+8I0MSYCau9R/C7iaoRvL+vEBvFws=",
        "owner": "pop-os",
        "repo": "cosmic-notifications",
        "rev": "3c2a10a2a5da99af8a9cbb689d87cdea8c170cad",
        "type": "github"
      },
      "original": {
        "owner": "pop-os",
        "repo": "cosmic-notifications",
        "type": "github"
      }
    },
    "cosmic-osd-src": {
      "flake": false,
      "locked": {
        "lastModified": 1757249857,
        "narHash": "sha256-hseWfOn4SvJ/gzKSYMQ9Museapg43kHYiqBqlaET6Pk=",
        "owner": "pop-os",
        "repo": "cosmic-osd",
        "rev": "f826e1184eedf80235e35098515292f62a773674",
        "type": "github"
      },
      "original": {
        "owner": "pop-os",
        "repo": "cosmic-osd",
        "type": "github"
      }
    },
    "cosmic-panel-src": {
      "flake": false,
      "locked": {
        "lastModified": 1757335801,
        "narHash": "sha256-VbXdXo3K5UN25B2+ZWdP8EzX4M3553ZjPaXRQenU3Ys=",
        "owner": "pop-os",
        "repo": "cosmic-panel",
        "rev": "2bd1a6f8e42b3857853a23b097daf2ab45eb0e18",
        "type": "github"
      },
      "original": {
        "owner": "pop-os",
        "repo": "cosmic-panel",
        "type": "github"
      }
    },
    "cosmic-player-src": {
      "flake": false,
      "locked": {
        "lastModified": 1757601504,
        "narHash": "sha256-rbDeCBefg0n5dYdw8ANA9Pm8prFucMsY9V/U35L78P4=",
        "owner": "pop-os",
        "repo": "cosmic-player",
        "rev": "3dc76ba60d7dc780519de599d12e519594a30287",
        "type": "github"
      },
      "original": {
        "owner": "pop-os",
        "repo": "cosmic-player",
        "type": "github"
      }
    },
    "cosmic-protocols-src": {
      "flake": false,
      "locked": {
        "lastModified": 1756731817,
        "narHash": "sha256-gOYgz07RGZoBp2RbHn0jUGLGXH/geoch/Y27Qh+jBao=",
        "owner": "pop-os",
        "repo": "cosmic-protocols",
        "rev": "6254f50abc6dbfccadc6939f80e20081ab5f9d51",
        "type": "github"
      },
      "original": {
        "owner": "pop-os",
        "repo": "cosmic-protocols",
        "type": "github"
      }
    },
    "cosmic-randr-src": {
      "flake": false,
      "locked": {
        "lastModified": 1757248943,
        "narHash": "sha256-daP2YZ7B1LXzqh2n0KoSTJbitdK+hlZO+Ydt9behzmQ=",
        "owner": "pop-os",
        "repo": "cosmic-randr",
        "rev": "bce9cdf2d447508d4e2d54a2be4fcd738ab51df5",
        "type": "github"
      },
      "original": {
        "owner": "pop-os",
        "repo": "cosmic-randr",
        "type": "github"
      }
    },
    "cosmic-screenshot-src": {
      "flake": false,
      "locked": {
        "lastModified": 1757445021,
        "narHash": "sha256-oUsO0DtdrFANhhO3gmGyIBgTFoFAchTZwd5MAverVGU=",
        "owner": "pop-os",
        "repo": "cosmic-screenshot",
        "rev": "3ba7f6df76122df296dfab104e1a91207a51f128",
        "type": "github"
      },
      "original": {
        "owner": "pop-os",
        "repo": "cosmic-screenshot",
        "type": "github"
      }
    },
    "cosmic-session-src": {
      "flake": false,
      "locked": {
        "lastModified": 1757100934,
        "narHash": "sha256-J+r4HoxZmKU0E8eirGpLOihIvkVlmkmcXMPMkWsQuK8=",
        "owner": "pop-os",
        "repo": "cosmic-session",
        "rev": "2441be2ad02fc28b397f67b704f2b41de7a96ed6",
        "type": "github"
      },
      "original": {
        "owner": "pop-os",
        "repo": "cosmic-session",
        "type": "github"
      }
    },
    "cosmic-settings-daemon-src": {
      "flake": false,
      "locked": {
        "lastModified": 1757528849,
        "narHash": "sha256-ktToq8qsXk9v2W4Y3NIqqXcsOz7GuR+WIi9LeeDdhEo=",
        "owner": "pop-os",
        "repo": "cosmic-settings-daemon",
        "rev": "66e5f1d82b4daa62b028139e93a58e471bc5ac9e",
        "type": "github"
      },
      "original": {
        "owner": "pop-os",
        "repo": "cosmic-settings-daemon",
        "type": "github"
      }
    },
    "cosmic-settings-src": {
      "flake": false,
      "locked": {
        "lastModified": 1757357021,
        "narHash": "sha256-Z1hwRZay2/tmjG8MmZou3fxOxnZZtW/yt9XPZ6OYRsw=",
        "owner": "pop-os",
        "repo": "cosmic-settings",
        "rev": "bd7fc2a2f22d96a4fec1f8e2fc092a6fa931a68a",
        "type": "github"
      },
      "original": {
        "owner": "pop-os",
        "repo": "cosmic-settings",
        "type": "github"
      }
    },
    "cosmic-store-src": {
      "flake": false,
      "locked": {
        "lastModified": 1757600029,
        "narHash": "sha256-bS4ExEF2z54V5eAQyiZgvuPJ6KSvYZXyi9pQKR2qTrE=",
        "owner": "pop-os",
        "repo": "cosmic-store",
        "rev": "0c42853fa8cc9daa35b0bd85af6685f316362626",
        "type": "github"
      },
      "original": {
        "owner": "pop-os",
        "repo": "cosmic-store",
        "type": "github"
      }
    },
    "cosmic-term-src": {
      "flake": false,
      "locked": {
        "lastModified": 1757601255,
        "narHash": "sha256-QHiH2IEJBf/ZoIs3FEZpFjyE+j8Zw62tGdzR4kJLsCU=",
        "owner": "pop-os",
        "repo": "cosmic-term",
        "rev": "f3ec16b9bdc0c3fb6371b612b503780a9ab749bb",
        "type": "github"
      },
      "original": {
        "owner": "pop-os",
        "repo": "cosmic-term",
        "type": "github"
      }
    },
    "cosmic-wallpapers-src": {
      "flake": false,
      "locked": {
        "lastModified": 1744123997,
        "narHash": "sha256-XtNmV6fxKFlirXQvxxgAYSQveQs8RCTfcFd8SVdEXtE=",
        "owner": "pop-os",
        "repo": "cosmic-wallpapers",
        "rev": "189c2c63d31da84ebb161acfd21a503f98a1b4c7",
        "type": "github"
      },
      "original": {
        "owner": "pop-os",
        "repo": "cosmic-wallpapers",
        "type": "github"
      }
    },
    "cosmic-workspaces-epoch-src": {
      "flake": false,
      "locked": {
        "lastModified": 1757624610,
        "narHash": "sha256-Wm0U41vkd9O7btV/Dju8nSH9vn64A1s2xn4t/bOMJX8=",
        "owner": "pop-os",
        "repo": "cosmic-workspaces-epoch",
        "rev": "a939335b9ee6660b759d19dc6abd0b0adfbdb82f",
        "type": "github"
      },
      "original": {
        "owner": "pop-os",
        "repo": "cosmic-workspaces-epoch",
        "type": "github"
      }
    },
    "nixpkgs": {
      "locked": {
        "lastModified": 1757584362,
        "narHash": "sha256-XeTX/w16rUNUNBsfaOVCDoMMa7Xu7KvIMT7tn1zIEcg=",
        "owner": "NixOS",
        "repo": "nixpkgs",
        "rev": "d33e926c80e6521a55da380a4c4c44a7462af405",
        "type": "github"
      },
      "original": {
        "owner": "NixOS",
        "ref": "nixpkgs-unstable",
        "repo": "nixpkgs",
        "type": "github"
      }
    },
    "root": {
      "inputs": {
        "cosmic-applets-src": "cosmic-applets-src",
        "cosmic-applibrary-src": "cosmic-applibrary-src",
        "cosmic-bg-src": "cosmic-bg-src",
        "cosmic-comp-src": "cosmic-comp-src",
        "cosmic-edit-src": "cosmic-edit-src",
        "cosmic-files-src": "cosmic-files-src",
        "cosmic-greeter-src": "cosmic-greeter-src",
        "cosmic-icons-src": "cosmic-icons-src",
        "cosmic-idle-src": "cosmic-idle-src",
        "cosmic-launcher-src": "cosmic-launcher-src",
        "cosmic-notifications-src": "cosmic-notifications-src",
        "cosmic-osd-src": "cosmic-osd-src",
        "cosmic-panel-src": "cosmic-panel-src",
        "cosmic-player-src": "cosmic-player-src",
        "cosmic-protocols-src": "cosmic-protocols-src",
        "cosmic-randr-src": "cosmic-randr-src",
        "cosmic-screenshot-src": "cosmic-screenshot-src",
        "cosmic-session-src": "cosmic-session-src",
        "cosmic-settings-daemon-src": "cosmic-settings-daemon-src",
        "cosmic-settings-src": "cosmic-settings-src",
        "cosmic-store-src": "cosmic-store-src",
        "cosmic-term-src": "cosmic-term-src",
        "cosmic-wallpapers-src": "cosmic-wallpapers-src",
        "cosmic-workspaces-epoch-src": "cosmic-workspaces-epoch-src",
        "nixpkgs": "nixpkgs",
        "xdg-desktop-portal-cosmic-src": "xdg-desktop-portal-cosmic-src"
      }
    },
    "xdg-desktop-portal-cosmic-src": {
      "flake": false,
      "locked": {
        "lastModified": 1757647525,
        "narHash": "sha256-jwLTgzchY18rPbc93DEADmJ2XHkLBsO002YoxWbCq2Y=",
        "owner": "pop-os",
        "repo": "xdg-desktop-portal-cosmic",
        "rev": "a069d57d359c4fe25a0415bdfee6c967e07b5a48",
        "type": "github"
      },
      "original": {
        "owner": "pop-os",
        "repo": "xdg-desktop-portal-cosmic",
        "type": "github"
      }
    }
  },
  "root": "root",
  "version": 7
}
