{
  "nodes": {
    "cosmic-applets-src": {
      "flake": false,
      "locked": {
        "lastModified": 1759547137,
        "narHash": "sha256-5lhpgesyXt3n1u/1KRjpVZ1ueSYoy6pYpv9iSc9USP4=",
        "owner": "pop-os",
        "repo": "cosmic-applets",
        "rev": "0c3e3c8629f664aefa1b1590652d7a1108106a5a",
        "type": "github"
      },
      "original": {
        "owner": "pop-os",
        "repo": "cosmic-applets",
        "type": "github"
      }
    },
    "cosmic-applibrary-src": {
      "flake": false,
      "locked": {
        "lastModified": 1759422542,
        "narHash": "sha256-ILDdXlvWUoMXrG0mOgRLnkWPZm/faPImbnSMO1+R7eE=",
        "owner": "pop-os",
        "repo": "cosmic-applibrary",
        "rev": "7344f878b7cea48598707cb331f589ac3ddfd797",
        "type": "github"
      },
      "original": {
        "owner": "pop-os",
        "repo": "cosmic-applibrary",
        "type": "github"
      }
    },
    "cosmic-bg-src": {
      "flake": false,
      "locked": {
        "lastModified": 1759422566,
        "narHash": "sha256-Z3nqiMWIWvX/Jdf/DnJU95YOEGRJSFQ3+eSHFuY9QhE=",
        "owner": "pop-os",
        "repo": "cosmic-bg",
        "rev": "d9819430ace9923c1a5a88be875036084d101829",
        "type": "github"
      },
      "original": {
        "owner": "pop-os",
        "repo": "cosmic-bg",
        "type": "github"
      }
    },
    "cosmic-comp-src": {
      "flake": false,
      "locked": {
        "lastModified": 1759515076,
        "narHash": "sha256-vH/ejAbOkB233gcUgdyilmHw+D8vi+uUhIPYGmsbb0w=",
        "owner": "pop-os",
        "repo": "cosmic-comp",
        "rev": "3465ce7602c7e2a116617c28b1fbfb45762402a2",
        "type": "github"
      },
      "original": {
        "owner": "pop-os",
        "repo": "cosmic-comp",
        "type": "github"
      }
    },
    "cosmic-edit-src": {
      "flake": false,
      "locked": {
        "lastModified": 1759529891,
        "narHash": "sha256-fJXSUyVKGn7HUZsJOwaVaJwbbjANtZs0ZUfVG60WtIY=",
        "owner": "pop-os",
        "repo": "cosmic-edit",
        "rev": "2d6d2d381ef2ef7518bb5703abe4bb6a584800d2",
        "type": "github"
      },
      "original": {
        "owner": "pop-os",
        "repo": "cosmic-edit",
        "type": "github"
      }
    },
    "cosmic-files-src": {
      "flake": false,
      "locked": {
        "lastModified": 1759700663,
        "narHash": "sha256-1yG5x8V7+WDaQhCosmiU/uaHq8FkcZYUC/P3was5eUo=",
        "owner": "pop-os",
        "repo": "cosmic-files",
        "rev": "c7ee1c9ae13d7df72b01a41f311a3893ab1ea5ff",
        "type": "github"
      },
      "original": {
        "owner": "pop-os",
        "repo": "cosmic-files",
        "type": "github"
      }
    },
    "cosmic-greeter-src": {
      "flake": false,
      "locked": {
        "lastModified": 1759422327,
        "narHash": "sha256-Pdhzgw0Xzz3jccpYj6yPnsZkVg1cSJVt+QyTq9eYeYU=",
        "owner": "pop-os",
        "repo": "cosmic-greeter",
        "rev": "5d5d06810befab185cfc1e863f8310379317dfd5",
        "type": "github"
      },
      "original": {
        "owner": "pop-os",
        "repo": "cosmic-greeter",
        "type": "github"
      }
    },
    "cosmic-icons-src": {
      "flake": false,
      "locked": {
        "lastModified": 1757977193,
        "narHash": "sha256-jxt0x0Ctk0PaaFQjf8p9y1yEgWkuEi7bR2VtybwlQAs=",
        "owner": "pop-os",
        "repo": "cosmic-icons",
        "rev": "70b07582e24ec2114672256b9657ca80670bca8a",
        "type": "github"
      },
      "original": {
        "owner": "pop-os",
        "repo": "cosmic-icons",
        "type": "github"
      }
    },
    "cosmic-idle-src": {
      "flake": false,
      "locked": {
        "lastModified": 1740507204,
        "narHash": "sha256-dRvcow+rZ4sJV6pBxRIw6SCmU3aXP9uVKtFEJ9vozzI=",
        "owner": "pop-os",
        "repo": "cosmic-idle",
        "rev": "267bb837f127eb805a17250ebcad02db57eb72cb",
        "type": "github"
      },
      "original": {
        "owner": "pop-os",
        "repo": "cosmic-idle",
        "type": "github"
      }
    },
    "cosmic-launcher-src": {
      "flake": false,
      "locked": {
        "lastModified": 1759422492,
        "narHash": "sha256-Biw0brJynA97drnpe6Lsv9OykRNWT4we507OKdup8tE=",
        "owner": "pop-os",
        "repo": "cosmic-launcher",
        "rev": "f2f93b80f5eaccc715f19b78f213ec84bf2f1d85",
        "type": "github"
      },
      "original": {
        "owner": "pop-os",
        "repo": "cosmic-launcher",
        "type": "github"
      }
    },
    "cosmic-notifications-src": {
      "flake": false,
      "locked": {
        "lastModified": 1759422441,
        "narHash": "sha256-6Cr6x4W3OEP1X7gjZ9IIMRJ696TDT5WM1NgjJq39d+k=",
        "owner": "pop-os",
        "repo": "cosmic-notifications",
        "rev": "81b636c069c0d931ba4d1d3823eba70ed8e54ba2",
        "type": "github"
      },
      "original": {
        "owner": "pop-os",
        "repo": "cosmic-notifications",
        "type": "github"
      }
    },
    "cosmic-osd-src": {
      "flake": false,
      "locked": {
        "lastModified": 1759422455,
        "narHash": "sha256-i+BsLQpcr5qt4FFuVSsdtid9JmQhHrzQrfBu97l139Y=",
        "owner": "pop-os",
        "repo": "cosmic-osd",
        "rev": "15d50421727b65e1bd3e60357dbf116945256b9e",
        "type": "github"
      },
      "original": {
        "owner": "pop-os",
        "repo": "cosmic-osd",
        "type": "github"
      }
    },
    "cosmic-panel-src": {
      "flake": false,
      "locked": {
        "lastModified": 1759249519,
        "narHash": "sha256-CYGH5D/HmX5ftOkSUWJg8rllm767cygtvEvGlqp7ZrI=",
        "owner": "pop-os",
        "repo": "cosmic-panel",
        "rev": "b23a2df8fd9a1f9e64aa3ff006e520dda7db4288",
        "type": "github"
      },
      "original": {
        "owner": "pop-os",
        "repo": "cosmic-panel",
        "type": "github"
      }
    },
    "cosmic-player-src": {
      "flake": false,
      "locked": {
        "lastModified": 1759422389,
        "narHash": "sha256-zifLjMNOgAui5SE4MT/xI7zskopZPFXP7gUv9DGIAk4=",
        "owner": "pop-os",
        "repo": "cosmic-player",
        "rev": "c2ecc9cd6bab23399e1ba0d90f1dce496f872fc7",
        "type": "github"
      },
      "original": {
        "owner": "pop-os",
        "repo": "cosmic-player",
        "type": "github"
      }
    },
    "cosmic-protocols-src": {
      "flake": false,
      "locked": {
        "lastModified": 1758896101,
        "narHash": "sha256-KvXQJ/EIRyrlmi80WKl2T9Bn+j7GCfQlcjgcEVUxPkc=",
        "owner": "pop-os",
        "repo": "cosmic-protocols",
        "rev": "d0e95be25e423cfe523b11111a3666ed7aaf0dc4",
        "type": "github"
      },
      "original": {
        "owner": "pop-os",
        "repo": "cosmic-protocols",
        "type": "github"
      }
    },
    "cosmic-randr-src": {
      "flake": false,
      "locked": {
        "lastModified": 1757248943,
        "narHash": "sha256-daP2YZ7B1LXzqh2n0KoSTJbitdK+hlZO+Ydt9behzmQ=",
        "owner": "pop-os",
        "repo": "cosmic-randr",
        "rev": "bce9cdf2d447508d4e2d54a2be4fcd738ab51df5",
        "type": "github"
      },
      "original": {
        "owner": "pop-os",
        "repo": "cosmic-randr",
        "type": "github"
      }
    },
    "cosmic-screenshot-src": {
      "flake": false,
      "locked": {
        "lastModified": 1759422364,
        "narHash": "sha256-Ki9Ss3sbG8+GS4s5/ykX1HGs4cGTYYDOVqCgqMWSiTc=",
        "owner": "pop-os",
        "repo": "cosmic-screenshot",
        "rev": "c152c2f1e0d595aab4a024d29ad04c6ddccc9187",
        "type": "github"
      },
      "original": {
        "owner": "pop-os",
        "repo": "cosmic-screenshot",
        "type": "github"
      }
    },
    "cosmic-session-src": {
      "flake": false,
      "locked": {
        "lastModified": 1758302814,
        "narHash": "sha256-P3xXYd80P+DR1vVE0zZC+v4ARsGhRrG9N9LdP2BEfDA=",
        "owner": "pop-os",
        "repo": "cosmic-session",
        "rev": "379ce30715f637075879feda784edc89231792cf",
        "type": "github"
      },
      "original": {
        "owner": "pop-os",
        "repo": "cosmic-session",
        "type": "github"
      }
    },
    "cosmic-settings-daemon-src": {
      "flake": false,
      "locked": {
        "lastModified": 1759344405,
        "narHash": "sha256-voW/l7ZaeGL/E8AABjLCsxHxy8bGBksTfMcc9gKODnI=",
        "owner": "pop-os",
        "repo": "cosmic-settings-daemon",
        "rev": "8616c40d235164779cd3f2ceec1fe9b2b4aceb40",
        "type": "github"
      },
      "original": {
        "owner": "pop-os",
        "repo": "cosmic-settings-daemon",
        "type": "github"
      }
    },
    "cosmic-settings-src": {
      "flake": false,
      "locked": {
        "lastModified": 1759544807,
        "narHash": "sha256-bsAQkB6s45icK/DODWVBEJSxySvnyJePILfwXBOKyag=",
        "owner": "pop-os",
        "repo": "cosmic-settings",
        "rev": "ae5f151932f936f3dd11a8467b8733d0fd260cdb",
        "type": "github"
      },
      "original": {
        "owner": "pop-os",
        "repo": "cosmic-settings",
        "type": "github"
      }
    },
    "cosmic-store-src": {
      "flake": false,
      "locked": {
        "lastModified": 1759529846,
        "narHash": "sha256-f55YWme32O2RRbahPWwCjPOysHy46OilFZ3YmEzzQgY=",
        "owner": "pop-os",
        "repo": "cosmic-store",
        "rev": "4ad2974072a820e6263b1de1177bc45e8faef8bc",
        "type": "github"
      },
      "original": {
        "owner": "pop-os",
        "repo": "cosmic-store",
        "type": "github"
      }
    },
    "cosmic-term-src": {
      "flake": false,
      "locked": {
        "lastModified": 1759529893,
        "narHash": "sha256-+StnEZcVOmGoJfpH84tYoPV/7uL8IYo6ijUSUJ/LeEs=",
        "owner": "pop-os",
        "repo": "cosmic-term",
        "rev": "4599e1bb688fcaaa1517ef824922c890f815d4ac",
        "type": "github"
      },
      "original": {
        "owner": "pop-os",
        "repo": "cosmic-term",
        "type": "github"
      }
    },
    "cosmic-wallpapers-src": {
      "flake": false,
      "locked": {
        "lastModified": 1744123997,
        "narHash": "sha256-XtNmV6fxKFlirXQvxxgAYSQveQs8RCTfcFd8SVdEXtE=",
        "owner": "pop-os",
        "repo": "cosmic-wallpapers",
        "rev": "189c2c63d31da84ebb161acfd21a503f98a1b4c7",
        "type": "github"
      },
      "original": {
        "owner": "pop-os",
        "repo": "cosmic-wallpapers",
        "type": "github"
      }
    },
    "cosmic-workspaces-epoch-src": {
      "flake": false,
      "locked": {
        "lastModified": 1759422512,
        "narHash": "sha256-IG2z8rq2QHHnFUilMwyRlh88uClF7rJ12Txay4nU5Cc=",
        "owner": "pop-os",
        "repo": "cosmic-workspaces-epoch",
        "rev": "72560ada67a1d508492765eac1d4cc1fdb7a73e7",
        "type": "github"
      },
      "original": {
        "owner": "pop-os",
        "repo": "cosmic-workspaces-epoch",
        "type": "github"
      }
    },
    "nixpkgs": {
      "locked": {
        "lastModified": 1759632233,
        "narHash": "sha256-krgZxGAIIIKFJS+UB0l8do3sYUDWJc75M72tepmVMzE=",
        "owner": "NixOS",
        "repo": "nixpkgs",
        "rev": "d7f52a7a640bc54c7bb414cca603835bf8dd4b10",
        "type": "github"
      },
      "original": {
        "owner": "NixOS",
        "ref": "nixpkgs-unstable",
        "repo": "nixpkgs",
        "type": "github"
      }
    },
    "root": {
      "inputs": {
        "cosmic-applets-src": "cosmic-applets-src",
        "cosmic-applibrary-src": "cosmic-applibrary-src",
        "cosmic-bg-src": "cosmic-bg-src",
        "cosmic-comp-src": "cosmic-comp-src",
        "cosmic-edit-src": "cosmic-edit-src",
        "cosmic-files-src": "cosmic-files-src",
        "cosmic-greeter-src": "cosmic-greeter-src",
        "cosmic-icons-src": "cosmic-icons-src",
        "cosmic-idle-src": "cosmic-idle-src",
        "cosmic-launcher-src": "cosmic-launcher-src",
        "cosmic-notifications-src": "cosmic-notifications-src",
        "cosmic-osd-src": "cosmic-osd-src",
        "cosmic-panel-src": "cosmic-panel-src",
        "cosmic-player-src": "cosmic-player-src",
        "cosmic-protocols-src": "cosmic-protocols-src",
        "cosmic-randr-src": "cosmic-randr-src",
        "cosmic-screenshot-src": "cosmic-screenshot-src",
        "cosmic-session-src": "cosmic-session-src",
        "cosmic-settings-daemon-src": "cosmic-settings-daemon-src",
        "cosmic-settings-src": "cosmic-settings-src",
        "cosmic-store-src": "cosmic-store-src",
        "cosmic-term-src": "cosmic-term-src",
        "cosmic-wallpapers-src": "cosmic-wallpapers-src",
        "cosmic-workspaces-epoch-src": "cosmic-workspaces-epoch-src",
        "nixpkgs": "nixpkgs",
        "xdg-desktop-portal-cosmic-src": "xdg-desktop-portal-cosmic-src"
      }
    },
    "xdg-desktop-portal-cosmic-src": {
      "flake": false,
      "locked": {
        "lastModified": 1759543394,
        "narHash": "sha256-D667HEOKaDBcpfvhPEw6MQKOl7tRZ0bkW3ugNlfMsJg=",
        "owner": "pop-os",
        "repo": "xdg-desktop-portal-cosmic",
        "rev": "c4bb21fa92b72e9b14440a4dc0649adbb79ea6bb",
        "type": "github"
      },
      "original": {
        "owner": "pop-os",
        "repo": "xdg-desktop-portal-cosmic",
        "type": "github"
      }
    }
  },
  "root": "root",
  "version": 7
}
